{
  "name": "jetbusboy",
  "version": "1.0.4",
  "lockfileVersion": 3,
  "requires": true,
  "packages": {
    "": {
      "name": "jetbusboy",
      "version": "1.0.4",
      "license": "Apache",
      "dependencies": {
        "busboy": "^1.6.0",
        "jetpath": "^1.4.25"
      },
      "engines": {
        "bun": ">=0.1.0",
        "node": ">=14.0.0"
      }
    },
    "node_modules/busboy": {
      "version": "1.6.0",
      "resolved": "https://registry.npmjs.org/busboy/-/busboy-1.6.0.tgz",
      "integrity": "sha512-8SFQbg/0hQ9xy3UNTB0YEnsNBbWfhf7RtnzpL7TkBiTBRfrQ9Fxcnz7VJsleJpyp6rVLvXiuORqjlHi5q+PYuA==",
      "dependencies": {
        "streamsearch": "^1.1.0"
      },
      "engines": {
        "node": ">=10.16.0"
      }
    },
    "node_modules/jetpath": {
      "version": "1.4.25",
      "resolved": "https://registry.npmjs.org/jetpath/-/jetpath-1.4.25.tgz",
      "integrity": "sha512-yBYXXgxdG8b7/C/Pyj8uUm+PGfFke/3iuydezr9gLtklCFQGB6H6x15Qfl43TbI6jan8rrUhnuC7Cw/oSO2rZw==",
      "dependencies": {
        "mime": "^4.0.1"
      },
      "engines": {
        "bun": ">=0.1.0",
        "node": ">=14.0.0"
      }
    },
    "node_modules/mime": {
      "version": "4.0.4",
      "resolved": "https://registry.npmjs.org/mime/-/mime-4.0.4.tgz",
      "integrity": "sha512-v8yqInVjhXyqP6+Kw4fV3ZzeMRqEW6FotRsKXjRS5VMTNIuXsdRoAvklpoRgSqXm6o9VNH4/C0mgedko9DdLsQ==",
      "funding": [
        "https://github.com/sponsors/broofa"
      ],
      "bin": {
        "mime": "bin/cli.js"
      },
      "engines": {
        "node": ">=16"
      }
    },
    "node_modules/streamsearch": {
      "version": "1.1.0",
      "resolved": "https://registry.npmjs.org/streamsearch/-/streamsearch-1.1.0.tgz",
      "integrity": "sha512-Mcc5wHehp9aXz1ax6bZUyY5afg9u2rv5cqQI3mRrYkGC8rW2hM02jWuwjtL++LS5qinSyhj2QfLyNsuc+VsExg==",
      "engines": {
        "node": ">=10.0.0"
      }
    }
  }
}
